
Microsoft Visual Studio Solution File, Format Version 12.00
# Visual Studio Version 16
VisualStudioVersion = 25.0.1703.6
MinimumVisualStudioVersion = 10.0.40219.1
Project("{FAE04EC0-301F-11D3-BF4B-00C04F79EFBC}") = "TangyWeb-Server", "TangyWeb-Server\TangyWeb-Server.csproj", "{7D8F58E2-5D63-4CD0-A80F-7057EC72B669}"
EndProject
Project("{FAE04EC0-301F-11D3-BF4B-00C04F79EFBC}") = "TangyWeb_Client", "TangyWeb_Client\TangyWeb_Client.csproj", "{110A9BC6-FD43-4898-9D69-BC170F37B928}"
EndProject
Global
	GlobalSection(SolutionConfigurationPlatforms) = preSolution
		Debug|Any CPU = Debug|Any CPU
		Release|Any CPU = Release|Any CPU
	EndGlobalSection
	GlobalSection(ProjectConfigurationPlatforms) = postSolution
		{7D8F58E2-5D63-4CD0-A80F-7057EC72B669}.Debug|Any CPU.ActiveCfg = Debug|Any CPU
		{7D8F58E2-5D63-4CD0-A80F-7057EC72B669}.Debug|Any CPU.Build.0 = Debug|Any CPU
		{7D8F58E2-5D63-4CD0-A80F-7057EC72B669}.Release|Any CPU.ActiveCfg = Release|Any CPU
		{7D8F58E2-5D63-4CD0-A80F-7057EC72B669}.Release|Any CPU.Build.0 = Release|Any CPU
		{110A9BC6-FD43-4898-9D69-BC170F37B928}.Debug|Any CPU.ActiveCfg = Debug|Any CPU
		{110A9BC6-FD43-4898-9D69-BC170F37B928}.Debug|Any CPU.Build.0 = Debug|Any CPU
		{110A9BC6-FD43-4898-9D69-BC170F37B928}.Release|Any CPU.ActiveCfg = Release|Any CPU
		{110A9BC6-FD43-4898-9D69-BC170F37B928}.Release|Any CPU.Build.0 = Release|Any CPU
	EndGlobalSection
	GlobalSection(SolutionProperties) = preSolution
		HideSolutionNode = FALSE
	EndGlobalSection
	GlobalSection(ExtensibilityGlobals) = postSolution
		SolutionGuid = {17E2C032-CEA4-4BFC-A245-9EE3FA52F5B0}
	EndGlobalSection
EndGlobal
